
Microsoft Visual Studio Solution File, Format Version 11.00
# Visual Studio 2010
Project("{FAE04EC0-301F-11D3-BF4B-00C04F79EFBC}") = "Billing", "Billing\Billing.csproj", "{2585B578-7D81-4870-BF45-63849E936073}"
EndProject
Project("{FAE04EC0-301F-11D3-BF4B-00C04F79EFBC}") = "Shipping", "Shipping\Shipping.csproj", "{9A421EB1-E2CF-46FF-855E-44F3856F9936}"
EndProject
Project("{FAE04EC0-301F-11D3-BF4B-00C04F79EFBC}") = "CustomerCare", "CustomerCare\CustomerCare.csproj", "{F502EF20-1F93-4CCF-84DE-263900A69DC5}"
EndProject
Project("{2150E333-8FDC-42A3-9474-1A3956D46DE8}") = ".nuget", ".nuget", "{D63BBD83-F672-4D3E-A5CF-18686C48F2EE}"
	ProjectSection(SolutionItems) = preProject
		.nuget\NuGet.Config = .nuget\NuGet.Config
		.nuget\nuget.exe = .nuget\nuget.exe
		.nuget\NuGet.targets = .nuget\NuGet.targets
	EndProjectSection
EndProject
Project("{FAE04EC0-301F-11D3-BF4B-00C04F79EFBC}") = "Billing.Events", "Billing.Events\Billing.Events.csproj", "{CFBF545E-23E6-4387-82A2-298A14F64AA4}"
EndProject
Project("{FAE04EC0-301F-11D3-BF4B-00C04F79EFBC}") = "Sales", "Sales\Sales.csproj", "{1E371DE1-1C4E-4817-999E-BE06E8E54B01}"
EndProject
Project("{FAE04EC0-301F-11D3-BF4B-00C04F79EFBC}") = "Inventory", "Inventory\Inventory.csproj", "{A7CFDFA7-0A53-4EEF-8433-2181B3D0CC08}"
EndProject
Project("{2150E333-8FDC-42A3-9474-1A3956D46DE8}") = "Billing", "Billing", "{F1AEAD12-21DB-4FF1-AF28-FE2532E8BF11}"
EndProject
Project("{FAE04EC0-301F-11D3-BF4B-00C04F79EFBC}") = "Inventory.Commands", "Inventory.Commands\Inventory.Commands.csproj", "{4677AB32-474D-45E1-BAE9-9938AEE629AC}"
EndProject
Project("{2150E333-8FDC-42A3-9474-1A3956D46DE8}") = "Inventory", "Inventory", "{32ADA29A-9F09-43AD-9EC7-ADF4622A5289}"
EndProject
Project("{2150E333-8FDC-42A3-9474-1A3956D46DE8}") = "CustomerCare", "CustomerCare", "{224A3650-9EF4-4116-B733-5BE0C77BBD8B}"
EndProject
Project("{2150E333-8FDC-42A3-9474-1A3956D46DE8}") = "Sales", "Sales", "{C98ED46A-4741-4C64-A956-F57314C8217F}"
EndProject
Project("{2150E333-8FDC-42A3-9474-1A3956D46DE8}") = "Shipping", "Shipping", "{FB076D90-115A-4B08-8074-34E166AAC575}"
EndProject
Project("{FAE04EC0-301F-11D3-BF4B-00C04F79EFBC}") = "Sales.Commands", "Sales.Commands\Sales.Commands.csproj", "{0CAC18CF-2210-4DDF-85F1-FC7E2CC6FBCB}"
EndProject
Project("{FAE04EC0-301F-11D3-BF4B-00C04F79EFBC}") = "Sales.Events", "Sales.Events\Sales.Events.csproj", "{36E06593-75C4-4FC9-ADD8-CADE18A28620}"
EndProject
Global
	GlobalSection(SolutionConfigurationPlatforms) = preSolution
		Debug|Any CPU = Debug|Any CPU
		Release|Any CPU = Release|Any CPU
	EndGlobalSection
	GlobalSection(ProjectConfigurationPlatforms) = postSolution
		{2585B578-7D81-4870-BF45-63849E936073}.Debug|Any CPU.ActiveCfg = Debug|Any CPU
		{2585B578-7D81-4870-BF45-63849E936073}.Debug|Any CPU.Build.0 = Debug|Any CPU
		{2585B578-7D81-4870-BF45-63849E936073}.Release|Any CPU.ActiveCfg = Release|Any CPU
		{2585B578-7D81-4870-BF45-63849E936073}.Release|Any CPU.Build.0 = Release|Any CPU
		{9A421EB1-E2CF-46FF-855E-44F3856F9936}.Debug|Any CPU.ActiveCfg = Debug|Any CPU
		{9A421EB1-E2CF-46FF-855E-44F3856F9936}.Debug|Any CPU.Build.0 = Debug|Any CPU
		{9A421EB1-E2CF-46FF-855E-44F3856F9936}.Release|Any CPU.ActiveCfg = Release|Any CPU
		{9A421EB1-E2CF-46FF-855E-44F3856F9936}.Release|Any CPU.Build.0 = Release|Any CPU
		{F502EF20-1F93-4CCF-84DE-263900A69DC5}.Debug|Any CPU.ActiveCfg = Debug|Any CPU
		{F502EF20-1F93-4CCF-84DE-263900A69DC5}.Debug|Any CPU.Build.0 = Debug|Any CPU
		{F502EF20-1F93-4CCF-84DE-263900A69DC5}.Release|Any CPU.ActiveCfg = Release|Any CPU
		{F502EF20-1F93-4CCF-84DE-263900A69DC5}.Release|Any CPU.Build.0 = Release|Any CPU
		{CFBF545E-23E6-4387-82A2-298A14F64AA4}.Debug|Any CPU.ActiveCfg = Debug|Any CPU
		{CFBF545E-23E6-4387-82A2-298A14F64AA4}.Debug|Any CPU.Build.0 = Debug|Any CPU
		{CFBF545E-23E6-4387-82A2-298A14F64AA4}.Release|Any CPU.ActiveCfg = Release|Any CPU
		{CFBF545E-23E6-4387-82A2-298A14F64AA4}.Release|Any CPU.Build.0 = Release|Any CPU
		{1E371DE1-1C4E-4817-999E-BE06E8E54B01}.Debug|Any CPU.ActiveCfg = Debug|Any CPU
		{1E371DE1-1C4E-4817-999E-BE06E8E54B01}.Debug|Any CPU.Build.0 = Debug|Any CPU
		{1E371DE1-1C4E-4817-999E-BE06E8E54B01}.Release|Any CPU.ActiveCfg = Release|Any CPU
		{1E371DE1-1C4E-4817-999E-BE06E8E54B01}.Release|Any CPU.Build.0 = Release|Any CPU
		{A7CFDFA7-0A53-4EEF-8433-2181B3D0CC08}.Debug|Any CPU.ActiveCfg = Debug|Any CPU
		{A7CFDFA7-0A53-4EEF-8433-2181B3D0CC08}.Debug|Any CPU.Build.0 = Debug|Any CPU
		{A7CFDFA7-0A53-4EEF-8433-2181B3D0CC08}.Release|Any CPU.ActiveCfg = Release|Any CPU
		{A7CFDFA7-0A53-4EEF-8433-2181B3D0CC08}.Release|Any CPU.Build.0 = Release|Any CPU
		{4677AB32-474D-45E1-BAE9-9938AEE629AC}.Debug|Any CPU.ActiveCfg = Debug|Any CPU
		{4677AB32-474D-45E1-BAE9-9938AEE629AC}.Debug|Any CPU.Build.0 = Debug|Any CPU
		{4677AB32-474D-45E1-BAE9-9938AEE629AC}.Release|Any CPU.ActiveCfg = Release|Any CPU
		{4677AB32-474D-45E1-BAE9-9938AEE629AC}.Release|Any CPU.Build.0 = Release|Any CPU
		{0CAC18CF-2210-4DDF-85F1-FC7E2CC6FBCB}.Debug|Any CPU.ActiveCfg = Debug|Any CPU
		{0CAC18CF-2210-4DDF-85F1-FC7E2CC6FBCB}.Debug|Any CPU.Build.0 = Debug|Any CPU
		{0CAC18CF-2210-4DDF-85F1-FC7E2CC6FBCB}.Release|Any CPU.ActiveCfg = Release|Any CPU
		{0CAC18CF-2210-4DDF-85F1-FC7E2CC6FBCB}.Release|Any CPU.Build.0 = Release|Any CPU
		{36E06593-75C4-4FC9-ADD8-CADE18A28620}.Debug|Any CPU.ActiveCfg = Debug|Any CPU
		{36E06593-75C4-4FC9-ADD8-CADE18A28620}.Debug|Any CPU.Build.0 = Debug|Any CPU
		{36E06593-75C4-4FC9-ADD8-CADE18A28620}.Release|Any CPU.ActiveCfg = Release|Any CPU
		{36E06593-75C4-4FC9-ADD8-CADE18A28620}.Release|Any CPU.Build.0 = Release|Any CPU
	EndGlobalSection
	GlobalSection(SolutionProperties) = preSolution
		HideSolutionNode = FALSE
	EndGlobalSection
	GlobalSection(NestedProjects) = preSolution
		{CFBF545E-23E6-4387-82A2-298A14F64AA4} = {F1AEAD12-21DB-4FF1-AF28-FE2532E8BF11}
		{2585B578-7D81-4870-BF45-63849E936073} = {F1AEAD12-21DB-4FF1-AF28-FE2532E8BF11}
		{9A421EB1-E2CF-46FF-855E-44F3856F9936} = {FB076D90-115A-4B08-8074-34E166AAC575}
		{F502EF20-1F93-4CCF-84DE-263900A69DC5} = {224A3650-9EF4-4116-B733-5BE0C77BBD8B}
		{1E371DE1-1C4E-4817-999E-BE06E8E54B01} = {C98ED46A-4741-4C64-A956-F57314C8217F}
		{0CAC18CF-2210-4DDF-85F1-FC7E2CC6FBCB} = {C98ED46A-4741-4C64-A956-F57314C8217F}
		{36E06593-75C4-4FC9-ADD8-CADE18A28620} = {C98ED46A-4741-4C64-A956-F57314C8217F}
		{4677AB32-474D-45E1-BAE9-9938AEE629AC} = {32ADA29A-9F09-43AD-9EC7-ADF4622A5289}
		{A7CFDFA7-0A53-4EEF-8433-2181B3D0CC08} = {32ADA29A-9F09-43AD-9EC7-ADF4622A5289}
	EndGlobalSection
EndGlobal
